
Microsoft Visual Studio Solution File, Format Version 12.00
Project("{FAE04EC0-301F-11D3-BF4B-00C04F79EFBC}") = "FantasyAssistant.Executable", "FantasyAssistant.Executable\FantasyAssistant.Executable.csproj", "{6673CE81-D04E-4F09-BC9E-53E7EDA71882}"
EndProject
Project("{FAE04EC0-301F-11D3-BF4B-00C04F79EFBC}") = "FantasyAssistant.Transport", "FantasyAssistant.Transport\FantasyAssistant.Transport.csproj", "{EA93997D-9293-4001-B67A-1FCA714FF27B}"
EndProject
Project("{FAE04EC0-301F-11D3-BF4B-00C04F79EFBC}") = "FantasyAssistant.Application", "FantasyAssistant.Application\FantasyAssistant.Application.csproj", "{B3B20DD8-12B9-4C12-A72C-403A9F33A70B}"
EndProject
Project("{FAE04EC0-301F-11D3-BF4B-00C04F79EFBC}") = "FantasyAssistant.Application.Model", "FantasyAssistant.Application.Model\FantasyAssistant.Application.Model.csproj", "{29423D5A-CEE5-475E-9063-31717A1C0540}"
EndProject
Project("{FAE04EC0-301F-11D3-BF4B-00C04F79EFBC}") = "FantasyAssistant.AutoMapper", "FantasyAssistant.AutoMapper\FantasyAssistant.AutoMapper.csproj", "{CC4D19BC-0040-4343-94CA-5FBBF4B08B83}"
EndProject
Project("{FAE04EC0-301F-11D3-BF4B-00C04F79EFBC}") = "FantasyAssistant.DI", "FantasyAssistant.DI\FantasyAssistant.DI.csproj", "{55D46053-7555-4E67-843F-0F99A37AA59D}"
EndProject
Global
	GlobalSection(SolutionConfigurationPlatforms) = preSolution
		Debug|Any CPU = Debug|Any CPU
		Release|Any CPU = Release|Any CPU
	EndGlobalSection
	GlobalSection(ProjectConfigurationPlatforms) = postSolution
		{6673CE81-D04E-4F09-BC9E-53E7EDA71882}.Debug|Any CPU.ActiveCfg = Debug|Any CPU
		{6673CE81-D04E-4F09-BC9E-53E7EDA71882}.Debug|Any CPU.Build.0 = Debug|Any CPU
		{6673CE81-D04E-4F09-BC9E-53E7EDA71882}.Release|Any CPU.ActiveCfg = Release|Any CPU
		{6673CE81-D04E-4F09-BC9E-53E7EDA71882}.Release|Any CPU.Build.0 = Release|Any CPU
		{EA93997D-9293-4001-B67A-1FCA714FF27B}.Debug|Any CPU.ActiveCfg = Debug|Any CPU
		{EA93997D-9293-4001-B67A-1FCA714FF27B}.Debug|Any CPU.Build.0 = Debug|Any CPU
		{EA93997D-9293-4001-B67A-1FCA714FF27B}.Release|Any CPU.ActiveCfg = Release|Any CPU
		{EA93997D-9293-4001-B67A-1FCA714FF27B}.Release|Any CPU.Build.0 = Release|Any CPU
		{B3B20DD8-12B9-4C12-A72C-403A9F33A70B}.Debug|Any CPU.ActiveCfg = Debug|Any CPU
		{B3B20DD8-12B9-4C12-A72C-403A9F33A70B}.Debug|Any CPU.Build.0 = Debug|Any CPU
		{B3B20DD8-12B9-4C12-A72C-403A9F33A70B}.Release|Any CPU.ActiveCfg = Release|Any CPU
		{B3B20DD8-12B9-4C12-A72C-403A9F33A70B}.Release|Any CPU.Build.0 = Release|Any CPU
		{29423D5A-CEE5-475E-9063-31717A1C0540}.Debug|Any CPU.ActiveCfg = Debug|Any CPU
		{29423D5A-CEE5-475E-9063-31717A1C0540}.Debug|Any CPU.Build.0 = Debug|Any CPU
		{29423D5A-CEE5-475E-9063-31717A1C0540}.Release|Any CPU.ActiveCfg = Release|Any CPU
		{29423D5A-CEE5-475E-9063-31717A1C0540}.Release|Any CPU.Build.0 = Release|Any CPU
		{CC4D19BC-0040-4343-94CA-5FBBF4B08B83}.Debug|Any CPU.ActiveCfg = Debug|Any CPU
		{CC4D19BC-0040-4343-94CA-5FBBF4B08B83}.Debug|Any CPU.Build.0 = Debug|Any CPU
		{CC4D19BC-0040-4343-94CA-5FBBF4B08B83}.Release|Any CPU.ActiveCfg = Release|Any CPU
		{CC4D19BC-0040-4343-94CA-5FBBF4B08B83}.Release|Any CPU.Build.0 = Release|Any CPU
		{55D46053-7555-4E67-843F-0F99A37AA59D}.Debug|Any CPU.ActiveCfg = Debug|Any CPU
		{55D46053-7555-4E67-843F-0F99A37AA59D}.Debug|Any CPU.Build.0 = Debug|Any CPU
		{55D46053-7555-4E67-843F-0F99A37AA59D}.Release|Any CPU.ActiveCfg = Release|Any CPU
		{55D46053-7555-4E67-843F-0F99A37AA59D}.Release|Any CPU.Build.0 = Release|Any CPU
	EndGlobalSection
EndGlobal
